// !$*UTF8*$!
{
	archiveVersion = 1;
	classes = {
	};
	objectVersion = 77;
	objects = {

/* Begin PBXBuildFile section */
		B1000021000000000000001 /* GhosttyKit.xcframework in Frameworks */ = {isa = PBXBuildFile; fileRef = B1000020000000000000001 /* GhosttyKit.xcframework */; };
		B1000021000000000000002 /* ssh2.xcframework in Frameworks */ = {isa = PBXBuildFile; fileRef = B1000020000000000000002 /* ssh2.xcframework */; };
		B1000021000000000000003 /* crypto.xcframework in Frameworks */ = {isa = PBXBuildFile; fileRef = B1000020000000000000003 /* crypto.xcframework */; };
		B1000021000000000000004 /* ssl.xcframework in Frameworks */ = {isa = PBXBuildFile; fileRef = B1000020000000000000004 /* ssl.xcframework */; };
		B1000021000000000000005 /* ContermWidget.appex in Embed Foundation Extensions */ = {isa = PBXBuildFile; fileRef = B1000001000000000000003 /* ContermWidget.appex */; settings = {ATTRIBUTES = (RemoveHeadersOnCopy, ); }; };
		B1000031000000000000001 /* Assets.xcassets in Resources */ = {isa = PBXBuildFile; fileRef = B1000030000000000000001 /* Assets.xcassets */; };
		B1000031000000000000002 /* michroma-regular.ttf in Resources */ = {isa = PBXBuildFile; fileRef = B1000030000000000000002 /* michroma-regular.ttf */; };
		B1000031000000000000003 /* text-logo.png in Resources */ = {isa = PBXBuildFile; fileRef = B1000030000000000000003 /* text-logo.png */; };
		B1000031000000000000004 /* michroma-OFL.txt in Resources */ = {isa = PBXBuildFile; fileRef = B1000030000000000000004 /* michroma-OFL.txt */; };
/* End PBXBuildFile section */

/* Begin PBXContainerItemProxy section */
		B100000E000000000000001 /* PBXContainerItemProxy */ = {
			isa = PBXContainerItemProxy;
			containerPortal = B100000B000000000000001 /* Project object */;
			proxyType = 1;
			remoteGlobalIDString = B1000007000000000000001;
			remoteInfo = Conterm;
		};
		B100000F000000000000002 /* PBXContainerItemProxy */ = {
			isa = PBXContainerItemProxy;
			containerPortal = B100000B000000000000001 /* Project object */;
			proxyType = 1;
			remoteGlobalIDString = B1000007000000000000003;
			remoteInfo = ContermWidget;
		};
/* End PBXContainerItemProxy section */

/* Begin PBXCopyFilesBuildPhase section */
		B1000011000000000000001 /* Embed Foundation Extensions */ = {
			isa = PBXCopyFilesBuildPhase;
			buildActionMask = 2147483647;
			dstPath = "";
			dstSubfolderSpec = 13;
			files = (
				B1000021000000000000005 /* ContermWidget.appex in Embed Foundation Extensions */,
			);
			name = "Embed Foundation Extensions";
			runOnlyForDeploymentPostprocessing = 0;
		};
/* End PBXCopyFilesBuildPhase section */

/* Begin PBXFileReference section */
		557FC5283044A6E40048818B /* Conterm.entitlements */ = {isa = PBXFileReference; lastKnownFileType = text.plist.entitlements; path = Conterm.entitlements; sourceTree = "<group>"; };
		557FC5293044A75C0048818B /* ContermWidget.entitlements */ = {isa = PBXFileReference; lastKnownFileType = text.plist.entitlements; path = ContermWidget.entitlements; sourceTree = "<group>"; };
		B1000001000000000000001 /* Conterm.app */ = {isa = PBXFileReference; explicitFileType = wrapper.application; includeInIndex = 0; path = Conterm.app; sourceTree = BUILT_PRODUCTS_DIR; };
		B1000001000000000000002 /* ContermTests.xctest */ = {isa = PBXFileReference; explicitFileType = wrapper.cfbundle; includeInIndex = 0; path = ContermTests.xctest; sourceTree = BUILT_PRODUCTS_DIR; };
		B1000001000000000000003 /* ContermWidget.appex */ = {isa = PBXFileReference; explicitFileType = "wrapper.app-extension"; includeInIndex = 0; path = ContermWidget.appex; sourceTree = BUILT_PRODUCTS_DIR; };
		B1000020000000000000001 /* GhosttyKit.xcframework */ = {isa = PBXFileReference; lastKnownFileType = wrapper.xcframework; name = GhosttyKit.xcframework; path = Vendor/GhosttyKit.xcframework; sourceTree = "<group>"; };
		B1000020000000000000002 /* ssh2.xcframework */ = {isa = PBXFileReference; lastKnownFileType = wrapper.xcframework; name = ssh2.xcframework; path = Vendor/ssh2.xcframework; sourceTree = "<group>"; };
		B1000020000000000000003 /* crypto.xcframework */ = {isa = PBXFileReference; lastKnownFileType = wrapper.xcframework; name = crypto.xcframework; path = Vendor/crypto.xcframework; sourceTree = "<group>"; };
		B1000020000000000000004 /* ssl.xcframework */ = {isa = PBXFileReference; lastKnownFileType = wrapper.xcframework; name = ssl.xcframework; path = Vendor/ssl.xcframework; sourceTree = "<group>"; };
		B1000030000000000000001 /* Assets.xcassets */ = {isa = PBXFileReference; lastKnownFileType = folder.assetcatalog; name = Assets.xcassets; path = Resources/Assets.xcassets; sourceTree = "<group>"; };
		B1000030000000000000002 /* michroma-regular.ttf */ = {isa = PBXFileReference; lastKnownFileType = file; name = "michroma-regular.ttf"; path = "Resources/michroma-regular.ttf"; sourceTree = "<group>"; };
		B1000030000000000000003 /* text-logo.png */ = {isa = PBXFileReference; lastKnownFileType = image.png; name = "text-logo.png"; path = "Resources/text-logo.png"; sourceTree = "<group>"; };
		B1000030000000000000004 /* michroma-OFL.txt */ = {isa = PBXFileReference; lastKnownFileType = text; name = "michroma-OFL.txt"; path = "Resources/michroma-OFL.txt"; sourceTree = "<group>"; };
/* End PBXFileReference section */

/* Begin PBXFileSystemSynchronizedRootGroup section */
		B1000003000000000000001 /* Sources */ = {
			isa = PBXFileSystemSynchronizedRootGroup;
			path = Sources;
			sourceTree = "<group>";
		};
		B1000003000000000000002 /* Tests */ = {
			isa = PBXFileSystemSynchronizedRootGroup;
			path = Tests;
			sourceTree = "<group>";
		};
		B1000003000000000000003 /* Widget */ = {
			isa = PBXFileSystemSynchronizedRootGroup;
			path = Widget;
			sourceTree = "<group>";
		};
		B1000003000000000000004 /* Shared */ = {
			isa = PBXFileSystemSynchronizedRootGroup;
			path = Shared;
			sourceTree = "<group>";
		};
/* End PBXFileSystemSynchronizedRootGroup section */

/* Begin PBXFrameworksBuildPhase section */
		B1000004000000000000001 /* Frameworks */ = {
			isa = PBXFrameworksBuildPhase;
			buildActionMask = 2147483647;
			files = (
				B1000021000000000000001 /* GhosttyKit.xcframework in Frameworks */,
				B1000021000000000000002 /* ssh2.xcframework in Frameworks */,
				B1000021000000000000003 /* crypto.xcframework in Frameworks */,
				B1000021000000000000004 /* ssl.xcframework in Frameworks */,
			);
			runOnlyForDeploymentPostprocessing = 0;
		};
		B1000004000000000000002 /* Frameworks */ = {
			isa = PBXFrameworksBuildPhase;
			buildActionMask = 2147483647;
			files = (
			);
			runOnlyForDeploymentPostprocessing = 0;
		};
		B1000004000000000000003 /* Frameworks */ = {
			isa = PBXFrameworksBuildPhase;
			buildActionMask = 2147483647;
			files = (
			);
			runOnlyForDeploymentPostprocessing = 0;
		};
/* End PBXFrameworksBuildPhase section */

/* Begin PBXGroup section */
		B1000005000000000000001 = {
			isa = PBXGroup;
			children = (
				557FC5293044A75C0048818B /* ContermWidget.entitlements */,
				557FC5283044A6E40048818B /* Conterm.entitlements */,
				B1000003000000000000001 /* Sources */,
				B1000003000000000000002 /* Tests */,
				B1000003000000000000003 /* Widget */,
				B1000003000000000000004 /* Shared */,
				B1000030000000000000001 /* Assets.xcassets */,
				B1000030000000000000003 /* text-logo.png */,
				B1000030000000000000002 /* michroma-regular.ttf */,
				B1000030000000000000004 /* michroma-OFL.txt */,
				B1000022000000000000001 /* Vendor */,
				B1000006000000000000001 /* Products */,
			);
			sourceTree = "<group>";
		};
		B1000006000000000000001 /* Products */ = {
			isa = PBXGroup;
			children = (
				B1000001000000000000001 /* Conterm.app */,
				B1000001000000000000002 /* ContermTests.xctest */,
				B1000001000000000000003 /* ContermWidget.appex */,
			);
			name = Products;
			sourceTree = "<group>";
		};
		B1000022000000000000001 /* Vendor */ = {
			isa = PBXGroup;
			children = (
				B1000020000000000000001 /* GhosttyKit.xcframework */,
				B1000020000000000000002 /* ssh2.xcframework */,
				B1000020000000000000003 /* crypto.xcframework */,
				B1000020000000000000004 /* ssl.xcframework */,
			);
			name = Vendor;
			sourceTree = "<group>";
		};
/* End PBXGroup section */

/* Begin PBXNativeTarget section */
		B1000007000000000000001 /* Conterm */ = {
			isa = PBXNativeTarget;
			buildConfigurationList = B1000008000000000000001 /* Build configuration list for PBXNativeTarget "Conterm" */;
			buildPhases = (
				B1000009000000000000001 /* Sources */,
				B1000004000000000000001 /* Frameworks */,
				B100000A000000000000001 /* Resources */,
				B1000011000000000000001 /* Embed Foundation Extensions */,
			);
			buildRules = (
			);
			dependencies = (
				B100000D000000000000002 /* PBXTargetDependency */,
			);
			fileSystemSynchronizedGroups = (
				B1000003000000000000001 /* Sources */,
				B1000003000000000000004 /* Shared */,
			);
			name = Conterm;
			productName = Conterm;
			productReference = B1000001000000000000001 /* Conterm.app */;
			productType = "com.apple.product-type.application";
		};
		B1000007000000000000002 /* ContermTests */ = {
			isa = PBXNativeTarget;
			buildConfigurationList = B1000008000000000000002 /* Build configuration list for PBXNativeTarget "ContermTests" */;
			buildPhases = (
				B1000009000000000000002 /* Sources */,
				B1000004000000000000002 /* Frameworks */,
			);
			buildRules = (
			);
			dependencies = (
				B100000D000000000000001 /* PBXTargetDependency */,
			);
			fileSystemSynchronizedGroups = (
				B1000003000000000000002 /* Tests */,
			);
			name = ContermTests;
			productName = ContermTests;
			productReference = B1000001000000000000002 /* ContermTests.xctest */;
			productType = "com.apple.product-type.bundle.unit-test";
		};
		B1000007000000000000003 /* ContermWidget */ = {
			isa = PBXNativeTarget;
			buildConfigurationList = B1000008000000000000003 /* Build configuration list for PBXNativeTarget "ContermWidget" */;
			buildPhases = (
				B1000009000000000000003 /* Sources */,
				B1000004000000000000003 /* Frameworks */,
				B100000A000000000000002 /* Resources */,
			);
			buildRules = (
			);
			dependencies = (
			);
			fileSystemSynchronizedGroups = (
				B1000003000000000000003 /* Widget */,
				B1000003000000000000004 /* Shared */,
			);
			name = ContermWidget;
			productName = ContermWidget;
			productReference = B1000001000000000000003 /* ContermWidget.appex */;
			productType = "com.apple.product-type.app-extension";
		};
/* End PBXNativeTarget section */

/* Begin PBXProject section */
		B100000B000000000000001 /* Project object */ = {
			isa = PBXProject;
			attributes = {
				BuildIndependentTargetsInParallel = 1;
				LastSwiftUpdateCheck = 2660;
				LastUpgradeCheck = 2660;
				TargetAttributes = {
					B1000007000000000000001 = {
						CreatedOnToolsVersion = 26.6;
						ProvisioningStyle = Automatic;
					};
					B1000007000000000000002 = {
						CreatedOnToolsVersion = 26.6;
						ProvisioningStyle = Automatic;
						TestTargetID = B1000007000000000000001;
					};
				};
			};
			buildConfigurationList = B1000008000000000000003 /* Build configuration list for PBXNativeTarget "ContermWidget" */;
			developmentRegion = en;
			hasScannedForEncodings = 0;
			knownRegions = (
				en,
				Base,
			);
			mainGroup = B1000005000000000000001;
			minimizedProjectReferenceProxies = 1;
			preferredProjectObjectVersion = 77;
			productRefGroup = B1000006000000000000001 /* Products */;
			projectDirPath = "";
			projectRoot = "";
			targets = (
				B1000007000000000000001 /* Conterm */,
				B1000007000000000000002 /* ContermTests */,
				B1000007000000000000003 /* ContermWidget */,
			);
		};
/* End PBXProject section */

/* Begin PBXResourcesBuildPhase section */
		B100000A000000000000001 /* Resources */ = {
			isa = PBXResourcesBuildPhase;
			buildActionMask = 2147483647;
			files = (
				B1000031000000000000001 /* Assets.xcassets in Resources */,
				B1000031000000000000002 /* michroma-regular.ttf in Resources */,
				B1000031000000000000003 /* text-logo.png in Resources */,
				B1000031000000000000004 /* michroma-OFL.txt in Resources */,
			);
			runOnlyForDeploymentPostprocessing = 0;
		};
		B100000A000000000000002 /* Resources */ = {
			isa = PBXResourcesBuildPhase;
			buildActionMask = 2147483647;
			files = (
			);
			runOnlyForDeploymentPostprocessing = 0;
		};
/* End PBXResourcesBuildPhase section */

/* Begin PBXSourcesBuildPhase section */
		B1000009000000000000001 /* Sources */ = {
			isa = PBXSourcesBuildPhase;
			buildActionMask = 2147483647;
			files = (
			);
			runOnlyForDeploymentPostprocessing = 0;
		};
		B1000009000000000000002 /* Sources */ = {
			isa = PBXSourcesBuildPhase;
			buildActionMask = 2147483647;
			files = (
			);
			runOnlyForDeploymentPostprocessing = 0;
		};
		B1000009000000000000003 /* Sources */ = {
			isa = PBXSourcesBuildPhase;
			buildActionMask = 2147483647;
			files = (
			);
			runOnlyForDeploymentPostprocessing = 0;
		};
/* End PBXSourcesBuildPhase section */

/* Begin PBXTargetDependency section */
		B100000D000000000000001 /* PBXTargetDependency */ = {
			isa = PBXTargetDependency;
			target = B1000007000000000000001 /* Conterm */;
			targetProxy = B100000E000000000000001 /* PBXContainerItemProxy */;
		};
		B100000D000000000000002 /* PBXTargetDependency */ = {
			isa = PBXTargetDependency;
			target = B1000007000000000000003 /* ContermWidget */;
			targetProxy = B100000F000000000000002 /* PBXContainerItemProxy */;
		};
/* End PBXTargetDependency section */

/* Begin XCBuildConfiguration section */
		B100000C000000000000003 /* Debug */ = {
			isa = XCBuildConfiguration;
			buildSettings = {
				ASSETCATALOG_COMPILER_APPICON_NAME = AppIcon;
				CODE_SIGN_ENTITLEMENTS = Conterm.entitlements;
				CODE_SIGN_STYLE = Automatic;
				CURRENT_PROJECT_VERSION = 1;
				DEVELOPMENT_TEAM = 9W7EUWX57Z;
				ENABLE_PREVIEWS = YES;
				FRAMEWORK_SEARCH_PATHS = (
					"$(inherited)",
					"$(PROJECT_DIR)/Vendor",
				);
				GENERATE_INFOPLIST_FILE = NO;
				HEADER_SEARCH_PATHS = (
					"$(inherited)",
					"$(PROJECT_DIR)/Vendor/include",
				);
				INFOPLIST_FILE = Resources/Info.plist;
				LD_RUNPATH_SEARCH_PATHS = (
					"$(inherited)",
					"@executable_path/Frameworks",
				);
				MARKETING_VERSION = 0.1.0;
				OTHER_LDFLAGS = (
					"$(inherited)",
					"-lc++",
				);
				PRODUCT_BUNDLE_IDENTIFIER = dev.conterm.ios;
				PRODUCT_NAME = "$(TARGET_NAME)";
				SWIFT_EMIT_LOC_STRINGS = YES;
				SWIFT_OBJC_BRIDGING_HEADER = "Sources/Terminal/Conterm-Bridging-Header.h";
				TARGETED_DEVICE_FAMILY = "1,2";
			};
			name = Debug;
		};
		B100000C000000000000004 /* Release */ = {
			isa = XCBuildConfiguration;
			buildSettings = {
				ASSETCATALOG_COMPILER_APPICON_NAME = AppIcon;
				CODE_SIGN_ENTITLEMENTS = Conterm.entitlements;
				CODE_SIGN_STYLE = Automatic;
				CURRENT_PROJECT_VERSION = 1;
				DEVELOPMENT_TEAM = 9W7EUWX57Z;
				ENABLE_PREVIEWS = YES;
				FRAMEWORK_SEARCH_PATHS = (
					"$(inherited)",
					"$(PROJECT_DIR)/Vendor",
				);
				GENERATE_INFOPLIST_FILE = NO;
				HEADER_SEARCH_PATHS = (
					"$(inherited)",
					"$(PROJECT_DIR)/Vendor/include",
				);
				INFOPLIST_FILE = Resources/Info.plist;
				LD_RUNPATH_SEARCH_PATHS = (
					"$(inherited)",
					"@executable_path/Frameworks",
				);
				MARKETING_VERSION = 0.1.0;
				OTHER_LDFLAGS = (
					"$(inherited)",
					"-lc++",
				);
				PRODUCT_BUNDLE_IDENTIFIER = dev.conterm.ios;
				PRODUCT_NAME = "$(TARGET_NAME)";
				SWIFT_EMIT_LOC_STRINGS = YES;
				SWIFT_OBJC_BRIDGING_HEADER = "Sources/Terminal/Conterm-Bridging-Header.h";
				TARGETED_DEVICE_FAMILY = "1,2";
			};
			name = Release;
		};
		B100000C000000000000005 /* Debug */ = {
			isa = XCBuildConfiguration;
			buildSettings = {
				BUNDLE_LOADER = "$(TEST_HOST)";
				CODE_SIGN_STYLE = Automatic;
				CURRENT_PROJECT_VERSION = 1;
				GENERATE_INFOPLIST_FILE = YES;
				MARKETING_VERSION = 0.1.0;
				PRODUCT_BUNDLE_IDENTIFIER = dev.conterm.ios.tests;
				PRODUCT_NAME = "$(TARGET_NAME)";
				TARGETED_DEVICE_FAMILY = "1,2";
				TEST_HOST = "$(BUILT_PRODUCTS_DIR)/Conterm.app/$(BUNDLE_EXECUTABLE_FOLDER_PATH)/Conterm";
			};
			name = Debug;
		};
		B100000C000000000000006 /* Release */ = {
			isa = XCBuildConfiguration;
			buildSettings = {
				BUNDLE_LOADER = "$(TEST_HOST)";
				CODE_SIGN_STYLE = Automatic;
				CURRENT_PROJECT_VERSION = 1;
				GENERATE_INFOPLIST_FILE = YES;
				MARKETING_VERSION = 0.1.0;
				PRODUCT_BUNDLE_IDENTIFIER = dev.conterm.ios.tests;
				PRODUCT_NAME = "$(TARGET_NAME)";
				TARGETED_DEVICE_FAMILY = "1,2";
				TEST_HOST = "$(BUILT_PRODUCTS_DIR)/Conterm.app/$(BUNDLE_EXECUTABLE_FOLDER_PATH)/Conterm";
			};
			name = Release;
		};
		B100000C000000000000007 /* Debug */ = {
			isa = XCBuildConfiguration;
			buildSettings = {
				CODE_SIGN_ENTITLEMENTS = ContermWidget.entitlements;
				CODE_SIGN_STYLE = Automatic;
				CURRENT_PROJECT_VERSION = 1;
				DEVELOPMENT_TEAM = 9W7EUWX57Z;
				GENERATE_INFOPLIST_FILE = NO;
				INFOPLIST_FILE = Resources/WidgetInfo.plist;
				INFOPLIST_KEY_CFBundleDisplayName = Conterm;
				IPHONEOS_DEPLOYMENT_TARGET = 18.0;
				LD_RUNPATH_SEARCH_PATHS = (
					"$(inherited)",
					"@executable_path/Frameworks",
					"@executable_path/../../Frameworks",
				);
				MARKETING_VERSION = 0.1.0;
				PRODUCT_BUNDLE_IDENTIFIER = dev.conterm.ios.widget;
				PRODUCT_NAME = "$(TARGET_NAME)";
				SDKROOT = iphoneos;
				SKIP_INSTALL = YES;
				SWIFT_EMIT_LOC_STRINGS = YES;
				SWIFT_VERSION = 6.0;
				TARGETED_DEVICE_FAMILY = "1,2";
			};
			name = Debug;
		};
		B100000C000000000000008 /* Release */ = {
			isa = XCBuildConfiguration;
			buildSettings = {
				CODE_SIGN_ENTITLEMENTS = ContermWidget.entitlements;
				CODE_SIGN_STYLE = Automatic;
				CURRENT_PROJECT_VERSION = 1;
				DEVELOPMENT_TEAM = 9W7EUWX57Z;
				GENERATE_INFOPLIST_FILE = NO;
				INFOPLIST_FILE = Resources/WidgetInfo.plist;
				INFOPLIST_KEY_CFBundleDisplayName = Conterm;
				IPHONEOS_DEPLOYMENT_TARGET = 18.0;
				LD_RUNPATH_SEARCH_PATHS = (
					"$(inherited)",
					"@executable_path/Frameworks",
					"@executable_path/../../Frameworks",
				);
				MARKETING_VERSION = 0.1.0;
				PRODUCT_BUNDLE_IDENTIFIER = dev.conterm.ios.widget;
				PRODUCT_NAME = "$(TARGET_NAME)";
				SDKROOT = iphoneos;
				SKIP_INSTALL = YES;
				SWIFT_EMIT_LOC_STRINGS = YES;
				SWIFT_VERSION = 6.0;
				TARGETED_DEVICE_FAMILY = "1,2";
			};
			name = Release;
		};
/* End XCBuildConfiguration section */

/* Begin XCConfigurationList section */
		B1000008000000000000001 /* Build configuration list for PBXNativeTarget "Conterm" */ = {
			isa = XCConfigurationList;
			buildConfigurations = (
				B100000C000000000000003 /* Debug */,
				B100000C000000000000004 /* Release */,
			);
			defaultConfigurationIsVisible = 0;
			defaultConfigurationName = Release;
		};
		B1000008000000000000002 /* Build configuration list for PBXNativeTarget "ContermTests" */ = {
			isa = XCConfigurationList;
			buildConfigurations = (
				B100000C000000000000005 /* Debug */,
				B100000C000000000000006 /* Release */,
			);
			defaultConfigurationIsVisible = 0;
			defaultConfigurationName = Release;
		};
		B1000008000000000000003 /* Build configuration list for PBXNativeTarget "ContermWidget" */ = {
			isa = XCConfigurationList;
			buildConfigurations = (
				B100000C000000000000007 /* Debug */,
				B100000C000000000000008 /* Release */,
			);
			defaultConfigurationIsVisible = 0;
			defaultConfigurationName = Release;
		};
/* End XCConfigurationList section */
	};
	rootObject = B100000B000000000000001 /* Project object */;
}
